
Microsoft Visual Studio Solution File, Format Version 12.00
Project("{2150E333-8FDC-42A3-9474-1A3956D46DE8}") = "0.Tests", "0.Tests", "{A0EB8E3E-AB24-4047-9CA8-C0B59DB76FC0}"
EndProject
Project("{2150E333-8FDC-42A3-9474-1A3956D46DE8}") = "1.Presentation", "1.Presentation", "{E5A9CDF9-2028-4497-8A32-913AE1DB6184}"
EndProject
Project("{2150E333-8FDC-42A3-9474-1A3956D46DE8}") = "4.DataAccess", "4.DataAccess", "{C15ABDA7-432A-4A1A-A002-565C546BADE5}"
	ProjectSection(SolutionItems) = preProject
		4.DataAccess\Зависимости.txt = 4.DataAccess\Зависимости.txt
	EndProjectSection
EndProject
Project("{2150E333-8FDC-42A3-9474-1A3956D46DE8}") = "5.Common", "5.Common", "{A64AF0F0-E1A8-4E44-9086-88B004ACE431}"
EndProject
Project("{FAE04EC0-301F-11D3-BF4B-00C04F79EFBC}") = "Shell", "1.Presentation\Shell\Shell.csproj", "{CD430EC7-4368-478F-B4BC-56A22261836C}"
EndProject
Project("{2150E333-8FDC-42A3-9474-1A3956D46DE8}") = "2.AppDomain", "2.AppDomain", "{16B4E348-CE77-451D-BB36-C48C025BD8FD}"
EndProject
Project("{2150E333-8FDC-42A3-9474-1A3956D46DE8}") = "3.ProblemDomain", "3.ProblemDomain", "{D12C454D-EC9A-4C02-849A-C58A66A7F095}"
EndProject
Project("{2150E333-8FDC-42A3-9474-1A3956D46DE8}") = "WpfModule", "WpfModule", "{B7FC9552-A5BA-477B-8080-8838366A6ECD}"
EndProject
Project("{FAE04EC0-301F-11D3-BF4B-00C04F79EFBC}") = "CommonResources", "5.Common\WpfModule\CommonResources\CommonResources.csproj", "{7DDE736C-7C9E-4B69-A439-DD2FB5970A0B}"
EndProject
Project("{FAE04EC0-301F-11D3-BF4B-00C04F79EFBC}") = "Components", "5.Common\WpfModule\Components\Components.csproj", "{4AB153D4-F89E-49B3-877A-55F06BC6A93C}"
EndProject
Project("{FAE04EC0-301F-11D3-BF4B-00C04F79EFBC}") = "Extensions", "5.Common\WpfModule\Extensions\Extensions.csproj", "{A7A6BB99-E3F7-4718-985E-051DE9FCC2A3}"
EndProject
Project("{FAE04EC0-301F-11D3-BF4B-00C04F79EFBC}") = "Ui", "5.Common\WpfModule\Ui\Ui.csproj", "{ADEF3A06-15FA-44A2-AAE4-1C8586841D02}"
EndProject
Project("{FAE04EC0-301F-11D3-BF4B-00C04F79EFBC}") = "BaseComponents", "5.Common\BaseComponents\BaseComponents.csproj", "{9BDD0E86-3137-4B43-AAEF-50FC7E433F49}"
EndProject
Project("{FAE04EC0-301F-11D3-BF4B-00C04F79EFBC}") = "BaseExtensions", "5.Common\BaseExtensions\BaseExtensions.csproj", "{25ABF121-98A6-499A-8765-5B139B8A3A0E}"
EndProject
Project("{FAE04EC0-301F-11D3-BF4B-00C04F79EFBC}") = "CommonPhrases", "5.Common\CommonPhrases\CommonPhrases.csproj", "{66BBFC2D-8AB2-4B70-B198-C84FF4D7976E}"
EndProject
Project("{FAE04EC0-301F-11D3-BF4B-00C04F79EFBC}") = "AppExceptions", "2.AppDomain\AppExceptions\AppExceptions.csproj", "{E68FE029-F2D9-4FE1-A10E-D1C093DA9FC1}"
EndProject
Project("{FAE04EC0-301F-11D3-BF4B-00C04F79EFBC}") = "Setting", "2.AppDomain\Setting\Setting.csproj", "{83C21E48-66D4-467A-8D22-019D9F7844E5}"
EndProject
Project("{FAE04EC0-301F-11D3-BF4B-00C04F79EFBC}") = "Resources", "1.Presentation\Resources\Resources.csproj", "{545C8B02-51D4-4FE3-8FAE-51B1ECF55ABF}"
EndProject
Project("{FAE04EC0-301F-11D3-BF4B-00C04F79EFBC}") = "ViewModels", "1.Presentation\ViewModels\ViewModels.csproj", "{448CC019-03B6-4944-9F78-E998D44E9A56}"
EndProject
Project("{FAE04EC0-301F-11D3-BF4B-00C04F79EFBC}") = "_Links", "2.AppDomain\_Links\_Links.csproj", "{88A8268A-9C28-4625-9A5B-511FDE5B30BF}"
EndProject
Project("{FAE04EC0-301F-11D3-BF4B-00C04F79EFBC}") = "Entities", "3.ProblemDomain\Entities\Entities.csproj", "{3292E2AF-F131-4645-B11D-EB18D27229CC}"
EndProject
Project("{FAE04EC0-301F-11D3-BF4B-00C04F79EFBC}") = "AppDomain.Tests", "0.Tests\AppDomain.Tests\AppDomain.Tests.csproj", "{EEF34569-AD76-4266-B14E-D24657DFB651}"
EndProject
Project("{FAE04EC0-301F-11D3-BF4B-00C04F79EFBC}") = "DataAccess.Tests", "0.Tests\DataAccess.Tests\DataAccess.Tests.csproj", "{8B95568A-520C-48FF-A737-76A2E26A4C3F}"
EndProject
Project("{FAE04EC0-301F-11D3-BF4B-00C04F79EFBC}") = "DbContexts", "4.DataAccess\DbContexts\DbContexts.csproj", "{9E391926-B30D-4907-840F-F3597805BDB4}"
EndProject
Project("{FAE04EC0-301F-11D3-BF4B-00C04F79EFBC}") = "Repositories", "4.DataAccess\Repositories\Repositories.csproj", "{2FB21091-D83E-4C1D-A9AD-146E96042FBE}"
EndProject
Project("{FAE04EC0-301F-11D3-BF4B-00C04F79EFBC}") = "UseCases", "2.AppDomain\UseCases\UseCases.csproj", "{F09D73F5-A715-4FD2-8B26-40D224C7BA63}"
EndProject
Project("{FAE04EC0-301F-11D3-BF4B-00C04F79EFBC}") = "Common.Tests", "0.Tests\Common.Tests\Common.Tests.csproj", "{3BA8B1F2-51BA-4740-8324-7A4C633181A4}"
EndProject
Project("{FAE04EC0-301F-11D3-BF4B-00C04F79EFBC}") = "Services", "4.DataAccess\Services\Services.csproj", "{5F4FABF4-85A7-428E-9D91-6EDCE318134A}"
EndProject
Global
	GlobalSection(SolutionConfigurationPlatforms) = preSolution
		Debug|Any CPU = Debug|Any CPU
		Release|Any CPU = Release|Any CPU
	EndGlobalSection
	GlobalSection(NestedProjects) = preSolution
		{CD430EC7-4368-478F-B4BC-56A22261836C} = {E5A9CDF9-2028-4497-8A32-913AE1DB6184}
		{B7FC9552-A5BA-477B-8080-8838366A6ECD} = {A64AF0F0-E1A8-4E44-9086-88B004ACE431}
		{7DDE736C-7C9E-4B69-A439-DD2FB5970A0B} = {B7FC9552-A5BA-477B-8080-8838366A6ECD}
		{4AB153D4-F89E-49B3-877A-55F06BC6A93C} = {B7FC9552-A5BA-477B-8080-8838366A6ECD}
		{A7A6BB99-E3F7-4718-985E-051DE9FCC2A3} = {B7FC9552-A5BA-477B-8080-8838366A6ECD}
		{ADEF3A06-15FA-44A2-AAE4-1C8586841D02} = {B7FC9552-A5BA-477B-8080-8838366A6ECD}
		{9BDD0E86-3137-4B43-AAEF-50FC7E433F49} = {A64AF0F0-E1A8-4E44-9086-88B004ACE431}
		{25ABF121-98A6-499A-8765-5B139B8A3A0E} = {A64AF0F0-E1A8-4E44-9086-88B004ACE431}
		{66BBFC2D-8AB2-4B70-B198-C84FF4D7976E} = {A64AF0F0-E1A8-4E44-9086-88B004ACE431}
		{E68FE029-F2D9-4FE1-A10E-D1C093DA9FC1} = {16B4E348-CE77-451D-BB36-C48C025BD8FD}
		{83C21E48-66D4-467A-8D22-019D9F7844E5} = {16B4E348-CE77-451D-BB36-C48C025BD8FD}
		{545C8B02-51D4-4FE3-8FAE-51B1ECF55ABF} = {E5A9CDF9-2028-4497-8A32-913AE1DB6184}
		{448CC019-03B6-4944-9F78-E998D44E9A56} = {E5A9CDF9-2028-4497-8A32-913AE1DB6184}
		{88A8268A-9C28-4625-9A5B-511FDE5B30BF} = {16B4E348-CE77-451D-BB36-C48C025BD8FD}
		{3292E2AF-F131-4645-B11D-EB18D27229CC} = {D12C454D-EC9A-4C02-849A-C58A66A7F095}
		{EEF34569-AD76-4266-B14E-D24657DFB651} = {A0EB8E3E-AB24-4047-9CA8-C0B59DB76FC0}
		{8B95568A-520C-48FF-A737-76A2E26A4C3F} = {A0EB8E3E-AB24-4047-9CA8-C0B59DB76FC0}
		{9E391926-B30D-4907-840F-F3597805BDB4} = {C15ABDA7-432A-4A1A-A002-565C546BADE5}
		{2FB21091-D83E-4C1D-A9AD-146E96042FBE} = {C15ABDA7-432A-4A1A-A002-565C546BADE5}
		{F09D73F5-A715-4FD2-8B26-40D224C7BA63} = {16B4E348-CE77-451D-BB36-C48C025BD8FD}
		{3BA8B1F2-51BA-4740-8324-7A4C633181A4} = {A0EB8E3E-AB24-4047-9CA8-C0B59DB76FC0}
		{5F4FABF4-85A7-428E-9D91-6EDCE318134A} = {D12C454D-EC9A-4C02-849A-C58A66A7F095}
	EndGlobalSection
	GlobalSection(ProjectConfigurationPlatforms) = postSolution
		{CD430EC7-4368-478F-B4BC-56A22261836C}.Debug|Any CPU.ActiveCfg = Debug|Any CPU
		{CD430EC7-4368-478F-B4BC-56A22261836C}.Debug|Any CPU.Build.0 = Debug|Any CPU
		{CD430EC7-4368-478F-B4BC-56A22261836C}.Release|Any CPU.ActiveCfg = Release|Any CPU
		{CD430EC7-4368-478F-B4BC-56A22261836C}.Release|Any CPU.Build.0 = Release|Any CPU
		{7DDE736C-7C9E-4B69-A439-DD2FB5970A0B}.Debug|Any CPU.ActiveCfg = Debug|Any CPU
		{7DDE736C-7C9E-4B69-A439-DD2FB5970A0B}.Debug|Any CPU.Build.0 = Debug|Any CPU
		{7DDE736C-7C9E-4B69-A439-DD2FB5970A0B}.Release|Any CPU.ActiveCfg = Release|Any CPU
		{7DDE736C-7C9E-4B69-A439-DD2FB5970A0B}.Release|Any CPU.Build.0 = Release|Any CPU
		{4AB153D4-F89E-49B3-877A-55F06BC6A93C}.Debug|Any CPU.ActiveCfg = Debug|Any CPU
		{4AB153D4-F89E-49B3-877A-55F06BC6A93C}.Debug|Any CPU.Build.0 = Debug|Any CPU
		{4AB153D4-F89E-49B3-877A-55F06BC6A93C}.Release|Any CPU.ActiveCfg = Release|Any CPU
		{4AB153D4-F89E-49B3-877A-55F06BC6A93C}.Release|Any CPU.Build.0 = Release|Any CPU
		{A7A6BB99-E3F7-4718-985E-051DE9FCC2A3}.Debug|Any CPU.ActiveCfg = Debug|Any CPU
		{A7A6BB99-E3F7-4718-985E-051DE9FCC2A3}.Debug|Any CPU.Build.0 = Debug|Any CPU
		{A7A6BB99-E3F7-4718-985E-051DE9FCC2A3}.Release|Any CPU.ActiveCfg = Release|Any CPU
		{A7A6BB99-E3F7-4718-985E-051DE9FCC2A3}.Release|Any CPU.Build.0 = Release|Any CPU
		{ADEF3A06-15FA-44A2-AAE4-1C8586841D02}.Debug|Any CPU.ActiveCfg = Debug|Any CPU
		{ADEF3A06-15FA-44A2-AAE4-1C8586841D02}.Debug|Any CPU.Build.0 = Debug|Any CPU
		{ADEF3A06-15FA-44A2-AAE4-1C8586841D02}.Release|Any CPU.ActiveCfg = Release|Any CPU
		{ADEF3A06-15FA-44A2-AAE4-1C8586841D02}.Release|Any CPU.Build.0 = Release|Any CPU
		{9BDD0E86-3137-4B43-AAEF-50FC7E433F49}.Debug|Any CPU.ActiveCfg = Debug|Any CPU
		{9BDD0E86-3137-4B43-AAEF-50FC7E433F49}.Debug|Any CPU.Build.0 = Debug|Any CPU
		{9BDD0E86-3137-4B43-AAEF-50FC7E433F49}.Release|Any CPU.ActiveCfg = Release|Any CPU
		{9BDD0E86-3137-4B43-AAEF-50FC7E433F49}.Release|Any CPU.Build.0 = Release|Any CPU
		{25ABF121-98A6-499A-8765-5B139B8A3A0E}.Debug|Any CPU.ActiveCfg = Debug|Any CPU
		{25ABF121-98A6-499A-8765-5B139B8A3A0E}.Debug|Any CPU.Build.0 = Debug|Any CPU
		{25ABF121-98A6-499A-8765-5B139B8A3A0E}.Release|Any CPU.ActiveCfg = Release|Any CPU
		{25ABF121-98A6-499A-8765-5B139B8A3A0E}.Release|Any CPU.Build.0 = Release|Any CPU
		{66BBFC2D-8AB2-4B70-B198-C84FF4D7976E}.Debug|Any CPU.ActiveCfg = Debug|Any CPU
		{66BBFC2D-8AB2-4B70-B198-C84FF4D7976E}.Debug|Any CPU.Build.0 = Debug|Any CPU
		{66BBFC2D-8AB2-4B70-B198-C84FF4D7976E}.Release|Any CPU.ActiveCfg = Release|Any CPU
		{66BBFC2D-8AB2-4B70-B198-C84FF4D7976E}.Release|Any CPU.Build.0 = Release|Any CPU
		{E68FE029-F2D9-4FE1-A10E-D1C093DA9FC1}.Debug|Any CPU.ActiveCfg = Debug|Any CPU
		{E68FE029-F2D9-4FE1-A10E-D1C093DA9FC1}.Debug|Any CPU.Build.0 = Debug|Any CPU
		{E68FE029-F2D9-4FE1-A10E-D1C093DA9FC1}.Release|Any CPU.ActiveCfg = Release|Any CPU
		{E68FE029-F2D9-4FE1-A10E-D1C093DA9FC1}.Release|Any CPU.Build.0 = Release|Any CPU
		{83C21E48-66D4-467A-8D22-019D9F7844E5}.Debug|Any CPU.ActiveCfg = Debug|Any CPU
		{83C21E48-66D4-467A-8D22-019D9F7844E5}.Debug|Any CPU.Build.0 = Debug|Any CPU
		{83C21E48-66D4-467A-8D22-019D9F7844E5}.Release|Any CPU.ActiveCfg = Release|Any CPU
		{83C21E48-66D4-467A-8D22-019D9F7844E5}.Release|Any CPU.Build.0 = Release|Any CPU
		{545C8B02-51D4-4FE3-8FAE-51B1ECF55ABF}.Debug|Any CPU.ActiveCfg = Debug|Any CPU
		{545C8B02-51D4-4FE3-8FAE-51B1ECF55ABF}.Debug|Any CPU.Build.0 = Debug|Any CPU
		{545C8B02-51D4-4FE3-8FAE-51B1ECF55ABF}.Release|Any CPU.ActiveCfg = Release|Any CPU
		{545C8B02-51D4-4FE3-8FAE-51B1ECF55ABF}.Release|Any CPU.Build.0 = Release|Any CPU
		{448CC019-03B6-4944-9F78-E998D44E9A56}.Debug|Any CPU.ActiveCfg = Debug|Any CPU
		{448CC019-03B6-4944-9F78-E998D44E9A56}.Debug|Any CPU.Build.0 = Debug|Any CPU
		{448CC019-03B6-4944-9F78-E998D44E9A56}.Release|Any CPU.ActiveCfg = Release|Any CPU
		{448CC019-03B6-4944-9F78-E998D44E9A56}.Release|Any CPU.Build.0 = Release|Any CPU
		{88A8268A-9C28-4625-9A5B-511FDE5B30BF}.Debug|Any CPU.ActiveCfg = Debug|Any CPU
		{88A8268A-9C28-4625-9A5B-511FDE5B30BF}.Debug|Any CPU.Build.0 = Debug|Any CPU
		{88A8268A-9C28-4625-9A5B-511FDE5B30BF}.Release|Any CPU.ActiveCfg = Release|Any CPU
		{88A8268A-9C28-4625-9A5B-511FDE5B30BF}.Release|Any CPU.Build.0 = Release|Any CPU
		{3292E2AF-F131-4645-B11D-EB18D27229CC}.Debug|Any CPU.ActiveCfg = Debug|Any CPU
		{3292E2AF-F131-4645-B11D-EB18D27229CC}.Debug|Any CPU.Build.0 = Debug|Any CPU
		{3292E2AF-F131-4645-B11D-EB18D27229CC}.Release|Any CPU.ActiveCfg = Release|Any CPU
		{3292E2AF-F131-4645-B11D-EB18D27229CC}.Release|Any CPU.Build.0 = Release|Any CPU
		{EEF34569-AD76-4266-B14E-D24657DFB651}.Debug|Any CPU.ActiveCfg = Debug|Any CPU
		{EEF34569-AD76-4266-B14E-D24657DFB651}.Debug|Any CPU.Build.0 = Debug|Any CPU
		{EEF34569-AD76-4266-B14E-D24657DFB651}.Release|Any CPU.ActiveCfg = Release|Any CPU
		{EEF34569-AD76-4266-B14E-D24657DFB651}.Release|Any CPU.Build.0 = Release|Any CPU
		{8B95568A-520C-48FF-A737-76A2E26A4C3F}.Debug|Any CPU.ActiveCfg = Debug|Any CPU
		{8B95568A-520C-48FF-A737-76A2E26A4C3F}.Debug|Any CPU.Build.0 = Debug|Any CPU
		{8B95568A-520C-48FF-A737-76A2E26A4C3F}.Release|Any CPU.ActiveCfg = Release|Any CPU
		{8B95568A-520C-48FF-A737-76A2E26A4C3F}.Release|Any CPU.Build.0 = Release|Any CPU
		{9E391926-B30D-4907-840F-F3597805BDB4}.Debug|Any CPU.ActiveCfg = Debug|Any CPU
		{9E391926-B30D-4907-840F-F3597805BDB4}.Debug|Any CPU.Build.0 = Debug|Any CPU
		{9E391926-B30D-4907-840F-F3597805BDB4}.Release|Any CPU.ActiveCfg = Release|Any CPU
		{9E391926-B30D-4907-840F-F3597805BDB4}.Release|Any CPU.Build.0 = Release|Any CPU
		{2FB21091-D83E-4C1D-A9AD-146E96042FBE}.Debug|Any CPU.ActiveCfg = Debug|Any CPU
		{2FB21091-D83E-4C1D-A9AD-146E96042FBE}.Debug|Any CPU.Build.0 = Debug|Any CPU
		{2FB21091-D83E-4C1D-A9AD-146E96042FBE}.Release|Any CPU.ActiveCfg = Release|Any CPU
		{2FB21091-D83E-4C1D-A9AD-146E96042FBE}.Release|Any CPU.Build.0 = Release|Any CPU
		{F09D73F5-A715-4FD2-8B26-40D224C7BA63}.Debug|Any CPU.ActiveCfg = Debug|Any CPU
		{F09D73F5-A715-4FD2-8B26-40D224C7BA63}.Debug|Any CPU.Build.0 = Debug|Any CPU
		{F09D73F5-A715-4FD2-8B26-40D224C7BA63}.Release|Any CPU.ActiveCfg = Release|Any CPU
		{F09D73F5-A715-4FD2-8B26-40D224C7BA63}.Release|Any CPU.Build.0 = Release|Any CPU
		{3BA8B1F2-51BA-4740-8324-7A4C633181A4}.Debug|Any CPU.ActiveCfg = Debug|Any CPU
		{3BA8B1F2-51BA-4740-8324-7A4C633181A4}.Debug|Any CPU.Build.0 = Debug|Any CPU
		{3BA8B1F2-51BA-4740-8324-7A4C633181A4}.Release|Any CPU.ActiveCfg = Release|Any CPU
		{3BA8B1F2-51BA-4740-8324-7A4C633181A4}.Release|Any CPU.Build.0 = Release|Any CPU
		{5F4FABF4-85A7-428E-9D91-6EDCE318134A}.Debug|Any CPU.ActiveCfg = Debug|Any CPU
		{5F4FABF4-85A7-428E-9D91-6EDCE318134A}.Debug|Any CPU.Build.0 = Debug|Any CPU
		{5F4FABF4-85A7-428E-9D91-6EDCE318134A}.Release|Any CPU.ActiveCfg = Release|Any CPU
		{5F4FABF4-85A7-428E-9D91-6EDCE318134A}.Release|Any CPU.Build.0 = Release|Any CPU
	EndGlobalSection
EndGlobal
